
Microsoft Visual Studio Solution File, Format Version 12.00
# Visual Studio Version 17
VisualStudioVersion = 17.2.32505.173
MinimumVisualStudioVersion = 10.0.40219.1
Project("{2150E333-8FDC-42A3-9474-1A3956D46DE8}") = "01. Clients", "01. Clients", "{D9CAC30C-3973-40D2-8505-AB31CE2BC38D}"
EndProject
Project("{2150E333-8FDC-42A3-9474-1A3956D46DE8}") = "02. Api.Gateways", "02. Api.Gateways", "{B81FA137-61F0-4DA2-975A-90C7DEE705E9}"
EndProject
Project("{2150E333-8FDC-42A3-9474-1A3956D46DE8}") = "03. Services", "03. Services", "{FB376056-160F-4A87-B9CE-8692AA019BBA}"
EndProject
Project("{2150E333-8FDC-42A3-9474-1A3956D46DE8}") = "01. Identity", "01. Identity", "{08668E66-97B4-42DA-9D1F-94BD0D1DC4AF}"
EndProject
Project("{2150E333-8FDC-42A3-9474-1A3956D46DE8}") = "02. Catalog", "02. Catalog", "{FEEFAD83-58C0-4F98-8E5C-A4A930110D29}"
EndProject
Project("{2150E333-8FDC-42A3-9474-1A3956D46DE8}") = "03. Customer", "03. Customer", "{702E3460-D365-4203-979E-6915E4315CE0}"
EndProject
Project("{2150E333-8FDC-42A3-9474-1A3956D46DE8}") = "04. Order", "04. Order", "{E2311EEF-D1BA-4A9F-B158-7BC874ED3FEC}"
EndProject
Project("{9A19103F-16F7-4668-BE54-9A1E7A4F7556}") = "Catalog.Api", "src\Services\Catalog\Catalog.Api\Catalog.Api.csproj", "{072634AE-804D-437E-832D-A6DBEF8F079B}"
EndProject
Project("{2150E333-8FDC-42A3-9474-1A3956D46DE8}") = "01. Api", "01. Api", "{3028BA61-8434-4FF1-A173-88C515C46822}"
EndProject
Project("{2150E333-8FDC-42A3-9474-1A3956D46DE8}") = "02. Services", "02. Services", "{A2294082-5F2A-4988-B2E5-EA92631E40F8}"
EndProject
Project("{2150E333-8FDC-42A3-9474-1A3956D46DE8}") = "03. Persistence", "03. Persistence", "{332FE49C-D443-451C-9B66-60419A3B8B7B}"
EndProject
Project("{2150E333-8FDC-42A3-9474-1A3956D46DE8}") = "04. Models", "04. Models", "{029F4694-7340-45F3-BA4D-1E4205813263}"
EndProject
Project("{9A19103F-16F7-4668-BE54-9A1E7A4F7556}") = "Catalog.Domain", "src\Services\Catalog\Catalog.Domain\Catalog.Domain.csproj", "{01BBD526-52D6-4F5C-8C8D-54D839456356}"
EndProject
Project("{9A19103F-16F7-4668-BE54-9A1E7A4F7556}") = "Catalog.Persistence.Database", "src\Services\Catalog\Catalog.Persistence.Database\Catalog.Persistence.Database.csproj", "{701C1ADC-0CE3-41B6-B777-2851506FF9F3}"
EndProject
Project("{9A19103F-16F7-4668-BE54-9A1E7A4F7556}") = "Catalog.Services.Queries", "src\Services\Catalog\Catalog.Services.Queries\Catalog.Services.Queries.csproj", "{89B9E6A0-95EF-40D1-8903-79188BA1C6C4}"
EndProject
Project("{9A19103F-16F7-4668-BE54-9A1E7A4F7556}") = "Catalog.Services.EventHandlers", "src\Services\Catalog\Catalog.Services.EventHandlers\Catalog.Services.EventHandlers.csproj", "{8C3976D6-EB6F-4DF4-A074-1CFBF6810320}"
EndProject
Project("{2150E333-8FDC-42A3-9474-1A3956D46DE8}") = "Common", "Common", "{F076073A-5DFD-4528-BEA2-B08F0226C1FF}"
EndProject
Project("{9A19103F-16F7-4668-BE54-9A1E7A4F7556}") = "Service.Common.Collection", "src\Services\Common\Service.Common.Collection\Service.Common.Collection.csproj", "{B804F8A3-0AEC-40E6-B958-4638645CE25E}"
EndProject
Project("{9A19103F-16F7-4668-BE54-9A1E7A4F7556}") = "Service.Common.Mapping", "src\Services\Common\Service.Common.Mapping\Service.Common.Mapping.csproj", "{8A366EB3-58B4-46EA-AA9B-F43238053AA2}"
EndProject
Project("{9A19103F-16F7-4668-BE54-9A1E7A4F7556}") = "Service.Common.Paging", "src\Services\Common\Service.Common.Paging\Service.Common.Paging.csproj", "{AF2E33E6-6FBF-4990-B5AF-20A9D63F3E62}"
EndProject
Project("{9A19103F-16F7-4668-BE54-9A1E7A4F7556}") = "Service.Common.Util", "src\Services\Common\Service.Common.Util\Service.Common.Util.csproj", "{AE75843C-9877-424F-A7A8-D07506DC1989}"
EndProject
Project("{2150E333-8FDC-42A3-9474-1A3956D46DE8}") = "01. Api", "01. Api", "{60D8BF20-25A1-432B-B4B6-6FAF31D0B588}"
EndProject
Project("{2150E333-8FDC-42A3-9474-1A3956D46DE8}") = "02. Services", "02. Services", "{3A0A937F-2D55-451C-AC82-D615B8C601D7}"
EndProject
Project("{2150E333-8FDC-42A3-9474-1A3956D46DE8}") = "03. Persistence", "03. Persistence", "{45F11C41-6184-424D-ABFC-F94E3BAC3E2A}"
EndProject
Project("{2150E333-8FDC-42A3-9474-1A3956D46DE8}") = "04. Models", "04. Models", "{1BD25100-FEF6-4D67-A59E-F3E959F5E2C4}"
EndProject
Project("{FAE04EC0-301F-11D3-BF4B-00C04F79EFBC}") = "Identity.Api", "src\Services\Identity\Identity.Api\Identity.Api.csproj", "{A99EF0DE-9076-4221-920E-4FA6816218CD}"
EndProject
Project("{FAE04EC0-301F-11D3-BF4B-00C04F79EFBC}") = "Identity.Domain", "src\Services\Identity\Identity.Domain\Identity.Domain.csproj", "{29A2F9CD-7630-48AB-9AF4-E361C806256B}"
EndProject
Project("{FAE04EC0-301F-11D3-BF4B-00C04F79EFBC}") = "Identity.Persistence.Database", "src\Services\Identity\Identity.Persistence.Database\Identity.Persistence.Database.csproj", "{6EA5DF2C-6DE5-4699-9271-7F8A3332E810}"
EndProject
Project("{FAE04EC0-301F-11D3-BF4B-00C04F79EFBC}") = "Identity.Services.Queries", "src\Services\Identity\Identity.Services.Queries\Identity.Services.Queries.csproj", "{9B872E10-E13C-4B3E-9327-002517F2E4E1}"
EndProject
Project("{FAE04EC0-301F-11D3-BF4B-00C04F79EFBC}") = "Identity.Services.EventHandlers", "src\Services\Identity\Identity.Services.EventHandlers\Identity.Services.EventHandlers.csproj", "{85F7F3EF-B256-427B-9C15-AD5D7446807F}"
EndProject
Global
	GlobalSection(SolutionConfigurationPlatforms) = preSolution
		Debug|Any CPU = Debug|Any CPU
		Release|Any CPU = Release|Any CPU
	EndGlobalSection
	GlobalSection(ProjectConfigurationPlatforms) = postSolution
		{072634AE-804D-437E-832D-A6DBEF8F079B}.Debug|Any CPU.ActiveCfg = Debug|Any CPU
		{072634AE-804D-437E-832D-A6DBEF8F079B}.Debug|Any CPU.Build.0 = Debug|Any CPU
		{072634AE-804D-437E-832D-A6DBEF8F079B}.Release|Any CPU.ActiveCfg = Release|Any CPU
		{072634AE-804D-437E-832D-A6DBEF8F079B}.Release|Any CPU.Build.0 = Release|Any CPU
		{01BBD526-52D6-4F5C-8C8D-54D839456356}.Debug|Any CPU.ActiveCfg = Debug|Any CPU
		{01BBD526-52D6-4F5C-8C8D-54D839456356}.Debug|Any CPU.Build.0 = Debug|Any CPU
		{01BBD526-52D6-4F5C-8C8D-54D839456356}.Release|Any CPU.ActiveCfg = Release|Any CPU
		{01BBD526-52D6-4F5C-8C8D-54D839456356}.Release|Any CPU.Build.0 = Release|Any CPU
		{701C1ADC-0CE3-41B6-B777-2851506FF9F3}.Debug|Any CPU.ActiveCfg = Debug|Any CPU
		{701C1ADC-0CE3-41B6-B777-2851506FF9F3}.Debug|Any CPU.Build.0 = Debug|Any CPU
		{701C1ADC-0CE3-41B6-B777-2851506FF9F3}.Release|Any CPU.ActiveCfg = Release|Any CPU
		{701C1ADC-0CE3-41B6-B777-2851506FF9F3}.Release|Any CPU.Build.0 = Release|Any CPU
		{89B9E6A0-95EF-40D1-8903-79188BA1C6C4}.Debug|Any CPU.ActiveCfg = Debug|Any CPU
		{89B9E6A0-95EF-40D1-8903-79188BA1C6C4}.Debug|Any CPU.Build.0 = Debug|Any CPU
		{89B9E6A0-95EF-40D1-8903-79188BA1C6C4}.Release|Any CPU.ActiveCfg = Release|Any CPU
		{89B9E6A0-95EF-40D1-8903-79188BA1C6C4}.Release|Any CPU.Build.0 = Release|Any CPU
		{8C3976D6-EB6F-4DF4-A074-1CFBF6810320}.Debug|Any CPU.ActiveCfg = Debug|Any CPU
		{8C3976D6-EB6F-4DF4-A074-1CFBF6810320}.Debug|Any CPU.Build.0 = Debug|Any CPU
		{8C3976D6-EB6F-4DF4-A074-1CFBF6810320}.Release|Any CPU.ActiveCfg = Release|Any CPU
		{8C3976D6-EB6F-4DF4-A074-1CFBF6810320}.Release|Any CPU.Build.0 = Release|Any CPU
		{B804F8A3-0AEC-40E6-B958-4638645CE25E}.Debug|Any CPU.ActiveCfg = Debug|Any CPU
		{B804F8A3-0AEC-40E6-B958-4638645CE25E}.Debug|Any CPU.Build.0 = Debug|Any CPU
		{B804F8A3-0AEC-40E6-B958-4638645CE25E}.Release|Any CPU.ActiveCfg = Release|Any CPU
		{B804F8A3-0AEC-40E6-B958-4638645CE25E}.Release|Any CPU.Build.0 = Release|Any CPU
		{8A366EB3-58B4-46EA-AA9B-F43238053AA2}.Debug|Any CPU.ActiveCfg = Debug|Any CPU
		{8A366EB3-58B4-46EA-AA9B-F43238053AA2}.Debug|Any CPU.Build.0 = Debug|Any CPU
		{8A366EB3-58B4-46EA-AA9B-F43238053AA2}.Release|Any CPU.ActiveCfg = Release|Any CPU
		{8A366EB3-58B4-46EA-AA9B-F43238053AA2}.Release|Any CPU.Build.0 = Release|Any CPU
		{AF2E33E6-6FBF-4990-B5AF-20A9D63F3E62}.Debug|Any CPU.ActiveCfg = Debug|Any CPU
		{AF2E33E6-6FBF-4990-B5AF-20A9D63F3E62}.Debug|Any CPU.Build.0 = Debug|Any CPU
		{AF2E33E6-6FBF-4990-B5AF-20A9D63F3E62}.Release|Any CPU.ActiveCfg = Release|Any CPU
		{AF2E33E6-6FBF-4990-B5AF-20A9D63F3E62}.Release|Any CPU.Build.0 = Release|Any CPU
		{AE75843C-9877-424F-A7A8-D07506DC1989}.Debug|Any CPU.ActiveCfg = Debug|Any CPU
		{AE75843C-9877-424F-A7A8-D07506DC1989}.Debug|Any CPU.Build.0 = Debug|Any CPU
		{AE75843C-9877-424F-A7A8-D07506DC1989}.Release|Any CPU.ActiveCfg = Release|Any CPU
		{AE75843C-9877-424F-A7A8-D07506DC1989}.Release|Any CPU.Build.0 = Release|Any CPU
		{A99EF0DE-9076-4221-920E-4FA6816218CD}.Debug|Any CPU.ActiveCfg = Debug|Any CPU
		{A99EF0DE-9076-4221-920E-4FA6816218CD}.Debug|Any CPU.Build.0 = Debug|Any CPU
		{A99EF0DE-9076-4221-920E-4FA6816218CD}.Release|Any CPU.ActiveCfg = Release|Any CPU
		{A99EF0DE-9076-4221-920E-4FA6816218CD}.Release|Any CPU.Build.0 = Release|Any CPU
		{29A2F9CD-7630-48AB-9AF4-E361C806256B}.Debug|Any CPU.ActiveCfg = Debug|Any CPU
		{29A2F9CD-7630-48AB-9AF4-E361C806256B}.Debug|Any CPU.Build.0 = Debug|Any CPU
		{29A2F9CD-7630-48AB-9AF4-E361C806256B}.Release|Any CPU.ActiveCfg = Release|Any CPU
		{29A2F9CD-7630-48AB-9AF4-E361C806256B}.Release|Any CPU.Build.0 = Release|Any CPU
		{6EA5DF2C-6DE5-4699-9271-7F8A3332E810}.Debug|Any CPU.ActiveCfg = Debug|Any CPU
		{6EA5DF2C-6DE5-4699-9271-7F8A3332E810}.Debug|Any CPU.Build.0 = Debug|Any CPU
		{6EA5DF2C-6DE5-4699-9271-7F8A3332E810}.Release|Any CPU.ActiveCfg = Release|Any CPU
		{6EA5DF2C-6DE5-4699-9271-7F8A3332E810}.Release|Any CPU.Build.0 = Release|Any CPU
		{9B872E10-E13C-4B3E-9327-002517F2E4E1}.Debug|Any CPU.ActiveCfg = Debug|Any CPU
		{9B872E10-E13C-4B3E-9327-002517F2E4E1}.Debug|Any CPU.Build.0 = Debug|Any CPU
		{9B872E10-E13C-4B3E-9327-002517F2E4E1}.Release|Any CPU.ActiveCfg = Release|Any CPU
		{9B872E10-E13C-4B3E-9327-002517F2E4E1}.Release|Any CPU.Build.0 = Release|Any CPU
		{85F7F3EF-B256-427B-9C15-AD5D7446807F}.Debug|Any CPU.ActiveCfg = Debug|Any CPU
		{85F7F3EF-B256-427B-9C15-AD5D7446807F}.Debug|Any CPU.Build.0 = Debug|Any CPU
		{85F7F3EF-B256-427B-9C15-AD5D7446807F}.Release|Any CPU.ActiveCfg = Release|Any CPU
		{85F7F3EF-B256-427B-9C15-AD5D7446807F}.Release|Any CPU.Build.0 = Release|Any CPU
	EndGlobalSection
	GlobalSection(SolutionProperties) = preSolution
		HideSolutionNode = FALSE
	EndGlobalSection
	GlobalSection(NestedProjects) = preSolution
		{08668E66-97B4-42DA-9D1F-94BD0D1DC4AF} = {FB376056-160F-4A87-B9CE-8692AA019BBA}
		{FEEFAD83-58C0-4F98-8E5C-A4A930110D29} = {FB376056-160F-4A87-B9CE-8692AA019BBA}
		{702E3460-D365-4203-979E-6915E4315CE0} = {FB376056-160F-4A87-B9CE-8692AA019BBA}
		{E2311EEF-D1BA-4A9F-B158-7BC874ED3FEC} = {FB376056-160F-4A87-B9CE-8692AA019BBA}
		{072634AE-804D-437E-832D-A6DBEF8F079B} = {3028BA61-8434-4FF1-A173-88C515C46822}
		{3028BA61-8434-4FF1-A173-88C515C46822} = {FEEFAD83-58C0-4F98-8E5C-A4A930110D29}
		{A2294082-5F2A-4988-B2E5-EA92631E40F8} = {FEEFAD83-58C0-4F98-8E5C-A4A930110D29}
		{332FE49C-D443-451C-9B66-60419A3B8B7B} = {FEEFAD83-58C0-4F98-8E5C-A4A930110D29}
		{029F4694-7340-45F3-BA4D-1E4205813263} = {FEEFAD83-58C0-4F98-8E5C-A4A930110D29}
		{01BBD526-52D6-4F5C-8C8D-54D839456356} = {029F4694-7340-45F3-BA4D-1E4205813263}
		{701C1ADC-0CE3-41B6-B777-2851506FF9F3} = {332FE49C-D443-451C-9B66-60419A3B8B7B}
		{89B9E6A0-95EF-40D1-8903-79188BA1C6C4} = {A2294082-5F2A-4988-B2E5-EA92631E40F8}
		{8C3976D6-EB6F-4DF4-A074-1CFBF6810320} = {A2294082-5F2A-4988-B2E5-EA92631E40F8}
		{F076073A-5DFD-4528-BEA2-B08F0226C1FF} = {FB376056-160F-4A87-B9CE-8692AA019BBA}
		{B804F8A3-0AEC-40E6-B958-4638645CE25E} = {F076073A-5DFD-4528-BEA2-B08F0226C1FF}
		{8A366EB3-58B4-46EA-AA9B-F43238053AA2} = {F076073A-5DFD-4528-BEA2-B08F0226C1FF}
		{AF2E33E6-6FBF-4990-B5AF-20A9D63F3E62} = {F076073A-5DFD-4528-BEA2-B08F0226C1FF}
		{AE75843C-9877-424F-A7A8-D07506DC1989} = {F076073A-5DFD-4528-BEA2-B08F0226C1FF}
		{60D8BF20-25A1-432B-B4B6-6FAF31D0B588} = {08668E66-97B4-42DA-9D1F-94BD0D1DC4AF}
		{3A0A937F-2D55-451C-AC82-D615B8C601D7} = {08668E66-97B4-42DA-9D1F-94BD0D1DC4AF}
		{45F11C41-6184-424D-ABFC-F94E3BAC3E2A} = {08668E66-97B4-42DA-9D1F-94BD0D1DC4AF}
		{1BD25100-FEF6-4D67-A59E-F3E959F5E2C4} = {08668E66-97B4-42DA-9D1F-94BD0D1DC4AF}
		{A99EF0DE-9076-4221-920E-4FA6816218CD} = {60D8BF20-25A1-432B-B4B6-6FAF31D0B588}
		{29A2F9CD-7630-48AB-9AF4-E361C806256B} = {1BD25100-FEF6-4D67-A59E-F3E959F5E2C4}
		{6EA5DF2C-6DE5-4699-9271-7F8A3332E810} = {45F11C41-6184-424D-ABFC-F94E3BAC3E2A}
		{9B872E10-E13C-4B3E-9327-002517F2E4E1} = {3A0A937F-2D55-451C-AC82-D615B8C601D7}
		{85F7F3EF-B256-427B-9C15-AD5D7446807F} = {3A0A937F-2D55-451C-AC82-D615B8C601D7}
	EndGlobalSection
	GlobalSection(ExtensibilityGlobals) = postSolution
		SolutionGuid = {37A36278-0B0F-4E65-9418-64D9AE513883}
	EndGlobalSection
EndGlobal
